
Microsoft Visual Studio Solution File, Format Version 12.00
# Visual Studio Version 17
VisualStudioVersion = 17.0.31912.275
MinimumVisualStudioVersion = 10.0.40219.1
Project("{FAE04EC0-301F-11D3-BF4B-00C04F79EFBC}") = "Ex2Attributes", "Ex2Attributes\Ex2Attributes.csproj", "{0B957E8C-0665-4C17-BC71-E7438AC34B44}"
EndProject
Global
	GlobalSection(SolutionConfigurationPlatforms) = preSolution
		Debug|Any CPU = Debug|Any CPU
		Release|Any CPU = Release|Any CPU
	EndGlobalSection
	GlobalSection(ProjectConfigurationPlatforms) = postSolution
		{0B957E8C-0665-4C17-BC71-E7438AC34B44}.Debug|Any CPU.ActiveCfg = Debug|Any CPU
		{0B957E8C-0665-4C17-BC71-E7438AC34B44}.Debug|Any CPU.Build.0 = Debug|Any CPU
		{0B957E8C-0665-4C17-BC71-E7438AC34B44}.Release|Any CPU.ActiveCfg = Release|Any CPU
		{0B957E8C-0665-4C17-BC71-E7438AC34B44}.Release|Any CPU.Build.0 = Release|Any CPU
	EndGlobalSection
	GlobalSection(SolutionProperties) = preSolution
		HideSolutionNode = FALSE
	EndGlobalSection
	GlobalSection(ExtensibilityGlobals) = postSolution
		SolutionGuid = {C4FABE88-C8F3-4711-9512-BFD2B55A0317}
	EndGlobalSection
EndGlobal
